// !$*UTF8*$!
{
	archiveVersion = 1;
	classes = {
	};
	objectVersion = 51;
	objects = {

/* Begin PBXBuildFile section */
		00094DA225D803C600DE0B46 /* FirebaseModel.swift in Sources */ = {isa = PBXBuildFile; fileRef = 00094DA125D803C600DE0B46 /* FirebaseModel.swift */; };
		00094DA725D8077200DE0B46 /* firebaseDatabaseViewModel.swift in Sources */ = {isa = PBXBuildFile; fileRef = 00094DA625D8077200DE0B46 /* firebaseDatabaseViewModel.swift */; };
		002AEB7925D300F00004F4C3 /* LoadingIndicator.swift in Sources */ = {isa = PBXBuildFile; fileRef = 002AEB7825D300F00004F4C3 /* LoadingIndicator.swift */; };
		0059D46425D6B54C006ED638 /* profileVIew.swift in Sources */ = {isa = PBXBuildFile; fileRef = 0059D46325D6B54C006ED638 /* profileVIew.swift */; };
		007FD4DB25D17FAF00358F7C /* GoogleService-Info.plist in Resources */ = {isa = PBXBuildFile; fileRef = 007FD4DA25D17FAF00358F7C /* GoogleService-Info.plist */; };
		00AB1138255723AF00FC48BF /* GifteeBloodApp.swift in Sources */ = {isa = PBXBuildFile; fileRef = 00AB1137255723AF00FC48BF /* GifteeBloodApp.swift */; };
		00AB113A255723AF00FC48BF /* ContentView.swift in Sources */ = {isa = PBXBuildFile; fileRef = 00AB1139255723AF00FC48BF /* ContentView.swift */; };
		00AB113C255723B200FC48BF /* Assets.xcassets in Resources */ = {isa = PBXBuildFile; fileRef = 00AB113B255723B200FC48BF /* Assets.xcassets */; };
		00AB113F255723B200FC48BF /* Preview Assets.xcassets in Resources */ = {isa = PBXBuildFile; fileRef = 00AB113E255723B200FC48BF /* Preview Assets.xcassets */; };
		00AB114A255723B200FC48BF /* GifteeBloodTests.swift in Sources */ = {isa = PBXBuildFile; fileRef = 00AB1149255723B200FC48BF /* GifteeBloodTests.swift */; };
		00AB1155255723B200FC48BF /* GifteeBloodUITests.swift in Sources */ = {isa = PBXBuildFile; fileRef = 00AB1154255723B200FC48BF /* GifteeBloodUITests.swift */; };
		00AB425525C2E90F001471F7 /* ViewRouter.swift in Sources */ = {isa = PBXBuildFile; fileRef = 00AB425425C2E90F001471F7 /* ViewRouter.swift */; };
		00AB425A25C2E9A5001471F7 /* MotherVIew.swift in Sources */ = {isa = PBXBuildFile; fileRef = 00AB425925C2E9A5001471F7 /* MotherVIew.swift */; };
		00AB428325C31025001471F7 /* LoginView.swift in Sources */ = {isa = PBXBuildFile; fileRef = 00AB428225C31025001471F7 /* LoginView.swift */; };
		00AB428825C31085001471F7 /* SignupView.swift in Sources */ = {isa = PBXBuildFile; fileRef = 00AB428725C31085001471F7 /* SignupView.swift */; };
		00BE2FC325BDAA7600932C85 /* loginSignupView.swift in Sources */ = {isa = PBXBuildFile; fileRef = 00BE2FC225BDAA7600932C85 /* loginSignupView.swift */; };
		00C85E8625CCE6E4005C2750 /* FindDonerView.swift in Sources */ = {isa = PBXBuildFile; fileRef = 00C85E8525CCE6E4005C2750 /* FindDonerView.swift */; };
		00D9F7C825C8326300282D1F /* socialLogins.swift in Sources */ = {isa = PBXBuildFile; fileRef = 00D9F7C725C8326300282D1F /* socialLogins.swift */; };
		00F3625C25A61B7F00F0C0B2 /* lottieView.swift in Sources */ = {isa = PBXBuildFile; fileRef = 00F3625B25A61B7F00F0C0B2 /* lottieView.swift */; };
		00F3626125A61BED00F0C0B2 /* pressure-pulse.json in Resources */ = {isa = PBXBuildFile; fileRef = 00F3626025A61BED00F0C0B2 /* pressure-pulse.json */; };
		00F3626A25A61D3600F0C0B2 /* animationModelView.swift in Sources */ = {isa = PBXBuildFile; fileRef = 00F3626925A61D3600F0C0B2 /* animationModelView.swift */; };
		00F5EBC625A3866E00720549 /* HomeView.swift in Sources */ = {isa = PBXBuildFile; fileRef = 00F5EBC525A3866E00720549 /* HomeView.swift */; };
		5FE9F86D15C386B046152F90 /* Pods_GifteeBloodTests.framework in Frameworks */ = {isa = PBXBuildFile; fileRef = CDED62CC21F182C6F882CA57 /* Pods_GifteeBloodTests.framework */; };
		740E9AC6BD6072D961021491 /* Pods_GifteeBlood_GifteeBloodUITests.framework in Frameworks */ = {isa = PBXBuildFile; fileRef = C0BC483AC827263A520FD2A8 /* Pods_GifteeBlood_GifteeBloodUITests.framework */; };
		AF434C34589A973D400F336E /* Pods_GifteeBlood.framework in Frameworks */ = {isa = PBXBuildFile; fileRef = 9101996C241DB60809A774E1 /* Pods_GifteeBlood.framework */; };
/* End PBXBuildFile section */

/* Begin PBXContainerItemProxy section */
		00AB1146255723B200FC48BF /* PBXContainerItemProxy */ = {
			isa = PBXContainerItemProxy;
			containerPortal = 00AB112C255723AF00FC48BF /* Project object */;
			proxyType = 1;
			remoteGlobalIDString = 00AB1133255723AF00FC48BF;
			remoteInfo = GifteeBlood;
		};
		00AB1151255723B200FC48BF /* PBXContainerItemProxy */ = {
			isa = PBXContainerItemProxy;
			containerPortal = 00AB112C255723AF00FC48BF /* Project object */;
			proxyType = 1;
			remoteGlobalIDString = 00AB1133255723AF00FC48BF;
			remoteInfo = GifteeBlood;
		};
/* End PBXContainerItemProxy section */

/* Begin PBXFileReference section */
		00094DA125D803C600DE0B46 /* FirebaseModel.swift */ = {isa = PBXFileReference; lastKnownFileType = sourcecode.swift; path = FirebaseModel.swift; sourceTree = "<group>"; };
		00094DA625D8077200DE0B46 /* firebaseDatabaseViewModel.swift */ = {isa = PBXFileReference; lastKnownFileType = sourcecode.swift; path = firebaseDatabaseViewModel.swift; sourceTree = "<group>"; };
		002AEB7825D300F00004F4C3 /* LoadingIndicator.swift */ = {isa = PBXFileReference; lastKnownFileType = sourcecode.swift; path = LoadingIndicator.swift; sourceTree = "<group>"; };
		0059D46325D6B54C006ED638 /* profileVIew.swift */ = {isa = PBXFileReference; lastKnownFileType = sourcecode.swift; path = profileVIew.swift; sourceTree = "<group>"; };
		007FD4DA25D17FAF00358F7C /* GoogleService-Info.plist */ = {isa = PBXFileReference; fileEncoding = 4; lastKnownFileType = text.plist.xml; path = "GoogleService-Info.plist"; sourceTree = "<group>"; };
		00AB1134255723AF00FC48BF /* GifteeBlood.app */ = {isa = PBXFileReference; explicitFileType = wrapper.application; includeInIndex = 0; path = GifteeBlood.app; sourceTree = BUILT_PRODUCTS_DIR; };
		00AB1137255723AF00FC48BF /* GifteeBloodApp.swift */ = {isa = PBXFileReference; lastKnownFileType = sourcecode.swift; path = GifteeBloodApp.swift; sourceTree = "<group>"; };
		00AB1139255723AF00FC48BF /* ContentView.swift */ = {isa = PBXFileReference; lastKnownFileType = sourcecode.swift; path = ContentView.swift; sourceTree = "<group>"; };
		00AB113B255723B200FC48BF /* Assets.xcassets */ = {isa = PBXFileReference; lastKnownFileType = folder.assetcatalog; path = Assets.xcassets; sourceTree = "<group>"; };
		00AB113E255723B200FC48BF /* Preview Assets.xcassets */ = {isa = PBXFileReference; lastKnownFileType = folder.assetcatalog; path = "Preview Assets.xcassets"; sourceTree = "<group>"; };
		00AB1140255723B200FC48BF /* Info.plist */ = {isa = PBXFileReference; lastKnownFileType = text.plist.xml; path = Info.plist; sourceTree = "<group>"; };
		00AB1145255723B200FC48BF /* GifteeBloodTests.xctest */ = {isa = PBXFileReference; explicitFileType = wrapper.cfbundle; includeInIndex = 0; path = GifteeBloodTests.xctest; sourceTree = BUILT_PRODUCTS_DIR; };
		00AB1149255723B200FC48BF /* GifteeBloodTests.swift */ = {isa = PBXFileReference; lastKnownFileType = sourcecode.swift; path = GifteeBloodTests.swift; sourceTree = "<group>"; };
		00AB114B255723B200FC48BF /* Info.plist */ = {isa = PBXFileReference; lastKnownFileType = text.plist.xml; path = Info.plist; sourceTree = "<group>"; };
		00AB1150255723B200FC48BF /* GifteeBloodUITests.xctest */ = {isa = PBXFileReference; explicitFileType = wrapper.cfbundle; includeInIndex = 0; path = GifteeBloodUITests.xctest; sourceTree = BUILT_PRODUCTS_DIR; };
		00AB1154255723B200FC48BF /* GifteeBloodUITests.swift */ = {isa = PBXFileReference; lastKnownFileType = sourcecode.swift; path = GifteeBloodUITests.swift; sourceTree = "<group>"; };
		00AB1156255723B200FC48BF /* Info.plist */ = {isa = PBXFileReference; lastKnownFileType = text.plist.xml; path = Info.plist; sourceTree = "<group>"; };
		00AB425425C2E90F001471F7 /* ViewRouter.swift */ = {isa = PBXFileReference; lastKnownFileType = sourcecode.swift; path = ViewRouter.swift; sourceTree = "<group>"; };
		00AB425925C2E9A5001471F7 /* MotherVIew.swift */ = {isa = PBXFileReference; lastKnownFileType = sourcecode.swift; path = MotherVIew.swift; sourceTree = "<group>"; };
		00AB428225C31025001471F7 /* LoginView.swift */ = {isa = PBXFileReference; lastKnownFileType = sourcecode.swift; path = LoginView.swift; sourceTree = "<group>"; };
		00AB428725C31085001471F7 /* SignupView.swift */ = {isa = PBXFileReference; lastKnownFileType = sourcecode.swift; path = SignupView.swift; sourceTree = "<group>"; };
		00BE2FC225BDAA7600932C85 /* loginSignupView.swift */ = {isa = PBXFileReference; lastKnownFileType = sourcecode.swift; path = loginSignupView.swift; sourceTree = "<group>"; };
		00C85E8525CCE6E4005C2750 /* FindDonerView.swift */ = {isa = PBXFileReference; lastKnownFileType = sourcecode.swift; path = FindDonerView.swift; sourceTree = "<group>"; };
		00D9F7C725C8326300282D1F /* socialLogins.swift */ = {isa = PBXFileReference; lastKnownFileType = sourcecode.swift; path = socialLogins.swift; sourceTree = "<group>"; };
		00F3625B25A61B7F00F0C0B2 /* lottieView.swift */ = {isa = PBXFileReference; lastKnownFileType = sourcecode.swift; path = lottieView.swift; sourceTree = "<group>"; };
		00F3626025A61BED00F0C0B2 /* pressure-pulse.json */ = {isa = PBXFileReference; fileEncoding = 4; lastKnownFileType = text.json; path = "pressure-pulse.json"; sourceTree = "<group>"; };
		00F3626925A61D3600F0C0B2 /* animationModelView.swift */ = {isa = PBXFileReference; lastKnownFileType = sourcecode.swift; path = animationModelView.swift; sourceTree = "<group>"; };
		00F5EBC525A3866E00720549 /* HomeView.swift */ = {isa = PBXFileReference; lastKnownFileType = sourcecode.swift; path = HomeView.swift; sourceTree = "<group>"; };
		0B2F0B5FAD8976D912F02020 /* Pods-GifteeBlood-GifteeBloodUITests.release.xcconfig */ = {isa = PBXFileReference; includeInIndex = 1; lastKnownFileType = text.xcconfig; name = "Pods-GifteeBlood-GifteeBloodUITests.release.xcconfig"; path = "Target Support Files/Pods-GifteeBlood-GifteeBloodUITests/Pods-GifteeBlood-GifteeBloodUITests.release.xcconfig"; sourceTree = "<group>"; };
		3C09691E449F3D108FAB00B6 /* Pods-GifteeBlood.release.xcconfig */ = {isa = PBXFileReference; includeInIndex = 1; lastKnownFileType = text.xcconfig; name = "Pods-GifteeBlood.release.xcconfig"; path = "Target Support Files/Pods-GifteeBlood/Pods-GifteeBlood.release.xcconfig"; sourceTree = "<group>"; };
		7F202666019B803831CCBFE3 /* Pods-GifteeBlood.debug.xcconfig */ = {isa = PBXFileReference; includeInIndex = 1; lastKnownFileType = text.xcconfig; name = "Pods-GifteeBlood.debug.xcconfig"; path = "Target Support Files/Pods-GifteeBlood/Pods-GifteeBlood.debug.xcconfig"; sourceTree = "<group>"; };
		9101996C241DB60809A774E1 /* Pods_GifteeBlood.framework */ = {isa = PBXFileReference; explicitFileType = wrapper.framework; includeInIndex = 0; path = Pods_GifteeBlood.framework; sourceTree = BUILT_PRODUCTS_DIR; };
		A7949DBE1C046350C604CDCC /* Pods-GifteeBloodTests.debug.xcconfig */ = {isa = PBXFileReference; includeInIndex = 1; lastKnownFileType = text.xcconfig; name = "Pods-GifteeBloodTests.debug.xcconfig"; path = "Target Support Files/Pods-GifteeBloodTests/Pods-GifteeBloodTests.debug.xcconfig"; sourceTree = "<group>"; };
		C0BC483AC827263A520FD2A8 /* Pods_GifteeBlood_GifteeBloodUITests.framework */ = {isa = PBXFileReference; explicitFileType = wrapper.framework; includeInIndex = 0; path = Pods_GifteeBlood_GifteeBloodUITests.framework; sourceTree = BUILT_PRODUCTS_DIR; };
		CDED62CC21F182C6F882CA57 /* Pods_GifteeBloodTests.framework */ = {isa = PBXFileReference; explicitFileType = wrapper.framework; includeInIndex = 0; path = Pods_GifteeBloodTests.framework; sourceTree = BUILT_PRODUCTS_DIR; };
		EFD932C5BA538CC0A3960C5D /* Pods-GifteeBlood-GifteeBloodUITests.debug.xcconfig */ = {isa = PBXFileReference; includeInIndex = 1; lastKnownFileType = text.xcconfig; name = "Pods-GifteeBlood-GifteeBloodUITests.debug.xcconfig"; path = "Target Support Files/Pods-GifteeBlood-GifteeBloodUITests/Pods-GifteeBlood-GifteeBloodUITests.debug.xcconfig"; sourceTree = "<group>"; };
		FE2ADE0D21E85F1BC1F0571D /* Pods-GifteeBloodTests.release.xcconfig */ = {isa = PBXFileReference; includeInIndex = 1; lastKnownFileType = text.xcconfig; name = "Pods-GifteeBloodTests.release.xcconfig"; path = "Target Support Files/Pods-GifteeBloodTests/Pods-GifteeBloodTests.release.xcconfig"; sourceTree = "<group>"; };
/* End PBXFileReference section */

/* Begin PBXFrameworksBuildPhase section */
		00AB1131255723AF00FC48BF /* Frameworks */ = {
			isa = PBXFrameworksBuildPhase;
			buildActionMask = 2147483647;
			files = (
				AF434C34589A973D400F336E /* Pods_GifteeBlood.framework in Frameworks */,
			);
			runOnlyForDeploymentPostprocessing = 0;
		};
		00AB1142255723B200FC48BF /* Frameworks */ = {
			isa = PBXFrameworksBuildPhase;
			buildActionMask = 2147483647;
			files = (
				5FE9F86D15C386B046152F90 /* Pods_GifteeBloodTests.framework in Frameworks */,
			);
			runOnlyForDeploymentPostprocessing = 0;
		};
		00AB114D255723B200FC48BF /* Frameworks */ = {
			isa = PBXFrameworksBuildPhase;
			buildActionMask = 2147483647;
			files = (
				740E9AC6BD6072D961021491 /* Pods_GifteeBlood_GifteeBloodUITests.framework in Frameworks */,
			);
			runOnlyForDeploymentPostprocessing = 0;
		};
/* End PBXFrameworksBuildPhase section */

/* Begin PBXGroup section */
		00AB112B255723AF00FC48BF = {
			isa = PBXGroup;
			children = (
				00AB1136255723AF00FC48BF /* GifteeBlood */,
				00AB1148255723B200FC48BF /* GifteeBloodTests */,
				00AB1153255723B200FC48BF /* GifteeBloodUITests */,
				00AB1135255723AF00FC48BF /* Products */,
				0B54869687E0E50FCCF84E06 /* Pods */,
				478A3FB9BF37CBBECBF69F10 /* Frameworks */,
			);
			sourceTree = "<group>";
		};
		00AB1135255723AF00FC48BF /* Products */ = {
			isa = PBXGroup;
			children = (
				00AB1134255723AF00FC48BF /* GifteeBlood.app */,
				00AB1145255723B200FC48BF /* GifteeBloodTests.xctest */,
				00AB1150255723B200FC48BF /* GifteeBloodUITests.xctest */,
			);
			name = Products;
			sourceTree = "<group>";
		};
		00AB1136255723AF00FC48BF /* GifteeBlood */ = {
			isa = PBXGroup;
			children = (
				00AB1137255723AF00FC48BF /* GifteeBloodApp.swift */,
				00AB1139255723AF00FC48BF /* ContentView.swift */,
				00F5EBC525A3866E00720549 /* HomeView.swift */,
				00BE2FC225BDAA7600932C85 /* loginSignupView.swift */,
				00AB428225C31025001471F7 /* LoginView.swift */,
				00AB428725C31085001471F7 /* SignupView.swift */,
				00C85E8525CCE6E4005C2750 /* FindDonerView.swift */,
				00D9F7C725C8326300282D1F /* socialLogins.swift */,
				00AB427B25C3078D001471F7 /* onboardingView */,
				00AB428F25C31182001471F7 /* loginSignupWork */,
				00BAD70C25A60BAA007AAA81 /* Animations */,
				00AB113B255723B200FC48BF /* Assets.xcassets */,
				00F3626525A61C0200F0C0B2 /* Assets */,
				00AB1140255723B200FC48BF /* Info.plist */,
				007FD4DA25D17FAF00358F7C /* GoogleService-Info.plist */,
				00AB113D255723B200FC48BF /* Preview Content */,
				0059D46325D6B54C006ED638 /* profileVIew.swift */,
				00094DA125D803C600DE0B46 /* FirebaseModel.swift */,
				00094DA625D8077200DE0B46 /* firebaseDatabaseViewModel.swift */,
			);
			path = GifteeBlood;
			sourceTree = "<group>";
		};
		00AB113D255723B200FC48BF /* Preview Content */ = {
			isa = PBXGroup;
			children = (
				00AB113E255723B200FC48BF /* Preview Assets.xcassets */,
			);
			path = "Preview Content";
			sourceTree = "<group>";
		};
		00AB1148255723B200FC48BF /* GifteeBloodTests */ = {
			isa = PBXGroup;
			children = (
				00AB1149255723B200FC48BF /* GifteeBloodTests.swift */,
				00AB114B255723B200FC48BF /* Info.plist */,
			);
			path = GifteeBloodTests;
			sourceTree = "<group>";
		};
		00AB1153255723B200FC48BF /* GifteeBloodUITests */ = {
			isa = PBXGroup;
			children = (
				00AB1154255723B200FC48BF /* GifteeBloodUITests.swift */,
				00AB1156255723B200FC48BF /* Info.plist */,
			);
			path = GifteeBloodUITests;
			sourceTree = "<group>";
		};
		00AB427B25C3078D001471F7 /* onboardingView */ = {
			isa = PBXGroup;
			children = (
				00AB425425C2E90F001471F7 /* ViewRouter.swift */,
				00AB425925C2E9A5001471F7 /* MotherVIew.swift */,
			);
			path = onboardingView;
			sourceTree = "<group>";
		};
		00AB428F25C31182001471F7 /* loginSignupWork */ = {
			isa = PBXGroup;
			children = (
			);
			path = loginSignupWork;
			sourceTree = "<group>";
		};
		00BAD70C25A60BAA007AAA81 /* Animations */ = {
			isa = PBXGroup;
			children = (
				00F3625B25A61B7F00F0C0B2 /* lottieView.swift */,
				00F3626925A61D3600F0C0B2 /* animationModelView.swift */,
				002AEB7825D300F00004F4C3 /* LoadingIndicator.swift */,
			);
			path = Animations;
			sourceTree = "<group>";
		};
		00F3626525A61C0200F0C0B2 /* Assets */ = {
			isa = PBXGroup;
			children = (
				00F3626025A61BED00F0C0B2 /* pressure-pulse.json */,
			);
			path = Assets;
			sourceTree = "<group>";
		};
		0B54869687E0E50FCCF84E06 /* Pods */ = {
			isa = PBXGroup;
			children = (
				7F202666019B803831CCBFE3 /* Pods-GifteeBlood.debug.xcconfig */,
				3C09691E449F3D108FAB00B6 /* Pods-GifteeBlood.release.xcconfig */,
				EFD932C5BA538CC0A3960C5D /* Pods-GifteeBlood-GifteeBloodUITests.debug.xcconfig */,
				0B2F0B5FAD8976D912F02020 /* Pods-GifteeBlood-GifteeBloodUITests.release.xcconfig */,
				A7949DBE1C046350C604CDCC /* Pods-GifteeBloodTests.debug.xcconfig */,
				FE2ADE0D21E85F1BC1F0571D /* Pods-GifteeBloodTests.release.xcconfig */,
			);
			path = Pods;
			sourceTree = "<group>";
		};
		478A3FB9BF37CBBECBF69F10 /* Frameworks */ = {
			isa = PBXGroup;
			children = (
				9101996C241DB60809A774E1 /* Pods_GifteeBlood.framework */,
				C0BC483AC827263A520FD2A8 /* Pods_GifteeBlood_GifteeBloodUITests.framework */,
				CDED62CC21F182C6F882CA57 /* Pods_GifteeBloodTests.framework */,
			);
			name = Frameworks;
			sourceTree = "<group>";
		};
/* End PBXGroup section */

/* Begin PBXNativeTarget section */
		00AB1133255723AF00FC48BF /* GifteeBlood */ = {
			isa = PBXNativeTarget;
			buildConfigurationList = 00AB1159255723B200FC48BF /* Build configuration list for PBXNativeTarget "GifteeBlood" */;
			buildPhases = (
				69F6C3934A10453C5CF29325 /* [CP] Check Pods Manifest.lock */,
				00AB1130255723AF00FC48BF /* Sources */,
				00AB1131255723AF00FC48BF /* Frameworks */,
				00AB1132255723AF00FC48BF /* Resources */,
				24896EB476542732F60C744B /* [CP] Embed Pods Frameworks */,
			);
			buildRules = (
			);
			dependencies = (
			);
			name = GifteeBlood;
			productName = GifteeBlood;
			productReference = 00AB1134255723AF00FC48BF /* GifteeBlood.app */;
			productType = "com.apple.product-type.application";
		};
		00AB1144255723B200FC48BF /* GifteeBloodTests */ = {
			isa = PBXNativeTarget;
			buildConfigurationList = 00AB115C255723B200FC48BF /* Build configuration list for PBXNativeTarget "GifteeBloodTests" */;
			buildPhases = (
				E65BAAA23430313EE4EBFD68 /* [CP] Check Pods Manifest.lock */,
				00AB1141255723B200FC48BF /* Sources */,
				00AB1142255723B200FC48BF /* Frameworks */,
				00AB1143255723B200FC48BF /* Resources */,
			);
			buildRules = (
			);
			dependencies = (
				00AB1147255723B200FC48BF /* PBXTargetDependency */,
			);
			name = GifteeBloodTests;
			productName = GifteeBloodTests;
			productReference = 00AB1145255723B200FC48BF /* GifteeBloodTests.xctest */;
			productType = "com.apple.product-type.bundle.unit-test";
		};
		00AB114F255723B200FC48BF /* GifteeBloodUITests */ = {
			isa = PBXNativeTarget;
			buildConfigurationList = 00AB115F255723B200FC48BF /* Build configuration list for PBXNativeTarget "GifteeBloodUITests" */;
			buildPhases = (
				5A5A4A2E05043BF1D7E0FF74 /* [CP] Check Pods Manifest.lock */,
				00AB114C255723B200FC48BF /* Sources */,
				00AB114D255723B200FC48BF /* Frameworks */,
				00AB114E255723B200FC48BF /* Resources */,
				B4723520E8F0F36D4F0B3156 /* [CP] Embed Pods Frameworks */,
			);
			buildRules = (
			);
			dependencies = (
				00AB1152255723B200FC48BF /* PBXTargetDependency */,
			);
			name = GifteeBloodUITests;
			productName = GifteeBloodUITests;
			productReference = 00AB1150255723B200FC48BF /* GifteeBloodUITests.xctest */;
			productType = "com.apple.product-type.bundle.ui-testing";
		};
/* End PBXNativeTarget section */

/* Begin PBXProject section */
		00AB112C255723AF00FC48BF /* Project object */ = {
			isa = PBXProject;
			attributes = {
				LastSwiftUpdateCheck = 1210;
				LastUpgradeCheck = 1210;
				TargetAttributes = {
					00AB1133255723AF00FC48BF = {
						CreatedOnToolsVersion = 12.1;
					};
					00AB1144255723B200FC48BF = {
						CreatedOnToolsVersion = 12.1;
						TestTargetID = 00AB1133255723AF00FC48BF;
					};
					00AB114F255723B200FC48BF = {
						CreatedOnToolsVersion = 12.1;
						TestTargetID = 00AB1133255723AF00FC48BF;
					};
				};
			};
			buildConfigurationList = 00AB112F255723AF00FC48BF /* Build configuration list for PBXProject "GifteeBlood" */;
			compatibilityVersion = "Xcode 9.3";
			developmentRegion = en;
			hasScannedForEncodings = 0;
			knownRegions = (
				en,
				Base,
			);
			mainGroup = 00AB112B255723AF00FC48BF;
			productRefGroup = 00AB1135255723AF00FC48BF /* Products */;
			projectDirPath = "";
			projectRoot = "";
			targets = (
				00AB1133255723AF00FC48BF /* GifteeBlood */,
				00AB1144255723B200FC48BF /* GifteeBloodTests */,
				00AB114F255723B200FC48BF /* GifteeBloodUITests */,
			);
		};
/* End PBXProject section */

/* Begin PBXResourcesBuildPhase section */
		00AB1132255723AF00FC48BF /* Resources */ = {
			isa = PBXResourcesBuildPhase;
			buildActionMask = 2147483647;
			files = (
				00AB113F255723B200FC48BF /* Preview Assets.xcassets in Resources */,
				007FD4DB25D17FAF00358F7C /* GoogleService-Info.plist in Resources */,
				00AB113C255723B200FC48BF /* Assets.xcassets in Resources */,
				00F3626125A61BED00F0C0B2 /* pressure-pulse.json in Resources */,
			);
			runOnlyForDeploymentPostprocessing = 0;
		};
		00AB1143255723B200FC48BF /* Resources */ = {
			isa = PBXResourcesBuildPhase;
			buildActionMask = 2147483647;
			files = (
			);
			runOnlyForDeploymentPostprocessing = 0;
		};
		00AB114E255723B200FC48BF /* Resources */ = {
			isa = PBXResourcesBuildPhase;
			buildActionMask = 2147483647;
			files = (
			);
			runOnlyForDeploymentPostprocessing = 0;
		};
/* End PBXResourcesBuildPhase section */

/* Begin PBXShellScriptBuildPhase section */
		24896EB476542732F60C744B /* [CP] Embed Pods Frameworks */ = {
			isa = PBXShellScriptBuildPhase;
			buildActionMask = 2147483647;
			files = (
			);
			inputFileListPaths = (
				"${PODS_ROOT}/Target Support Files/Pods-GifteeBlood/Pods-GifteeBlood-frameworks-${CONFIGURATION}-input-files.xcfilelist",
			);
			name = "[CP] Embed Pods Frameworks";
			outputFileListPaths = (
				"${PODS_ROOT}/Target Support Files/Pods-GifteeBlood/Pods-GifteeBlood-frameworks-${CONFIGURATION}-output-files.xcfilelist",
			);
			runOnlyForDeploymentPostprocessing = 0;
			shellPath = /bin/sh;
			shellScript = "\"${PODS_ROOT}/Target Support Files/Pods-GifteeBlood/Pods-GifteeBlood-frameworks.sh\"\n";
			showEnvVarsInLog = 0;
		};
		5A5A4A2E05043BF1D7E0FF74 /* [CP] Check Pods Manifest.lock */ = {
			isa = PBXShellScriptBuildPhase;
			buildActionMask = 2147483647;
			files = (
			);
			inputFileListPaths = (
			);
			inputPaths = (
				"${PODS_PODFILE_DIR_PATH}/Podfile.lock",
				"${PODS_ROOT}/Manifest.lock",
			);
			name = "[CP] Check Pods Manifest.lock";
			outputFileListPaths = (
			);
			outputPaths = (
				"$(DERIVED_FILE_DIR)/Pods-GifteeBlood-GifteeBloodUITests-checkManifestLockResult.txt",
			);
			runOnlyForDeploymentPostprocessing = 0;
			shellPath = /bin/sh;
			shellScript = "diff \"${PODS_PODFILE_DIR_PATH}/Podfile.lock\" \"${PODS_ROOT}/Manifest.lock\" > /dev/null\nif [ $? != 0 ] ; then\n    # print error to STDERR\n    echo \"error: The sandbox is not in sync with the Podfile.lock. Run 'pod install' or update your CocoaPods installation.\" >&2\n    exit 1\nfi\n# This output is used by Xcode 'outputs' to avoid re-running this script phase.\necho \"SUCCESS\" > \"${SCRIPT_OUTPUT_FILE_0}\"\n";
			showEnvVarsInLog = 0;
		};
		69F6C3934A10453C5CF29325 /* [CP] Check Pods Manifest.lock */ = {
			isa = PBXShellScriptBuildPhase;
			buildActionMask = 2147483647;
			files = (
			);
			inputFileListPaths = (
			);
			inputPaths = (
				"${PODS_PODFILE_DIR_PATH}/Podfile.lock",
				"${PODS_ROOT}/Manifest.lock",
			);
			name = "[CP] Check Pods Manifest.lock";
			outputFileListPaths = (
			);
			outputPaths = (
				"$(DERIVED_FILE_DIR)/Pods-GifteeBlood-checkManifestLockResult.txt",
			);
			runOnlyForDeploymentPostprocessing = 0;
			shellPath = /bin/sh;
			shellScript = "diff \"${PODS_PODFILE_DIR_PATH}/Podfile.lock\" \"${PODS_ROOT}/Manifest.lock\" > /dev/null\nif [ $? != 0 ] ; then\n    # print error to STDERR\n    echo \"error: The sandbox is not in sync with the Podfile.lock. Run 'pod install' or update your CocoaPods installation.\" >&2\n    exit 1\nfi\n# This output is used by Xcode 'outputs' to avoid re-running this script phase.\necho \"SUCCESS\" > \"${SCRIPT_OUTPUT_FILE_0}\"\n";
			showEnvVarsInLog = 0;
		};
		B4723520E8F0F36D4F0B3156 /* [CP] Embed Pods Frameworks */ = {
			isa = PBXShellScriptBuildPhase;
			buildActionMask = 2147483647;
			files = (
			);
			inputFileListPaths = (
				"${PODS_ROOT}/Target Support Files/Pods-GifteeBlood-GifteeBloodUITests/Pods-GifteeBlood-GifteeBloodUITests-frameworks-${CONFIGURATION}-input-files.xcfilelist",
			);
			name = "[CP] Embed Pods Frameworks";
			outputFileListPaths = (
				"${PODS_ROOT}/Target Support Files/Pods-GifteeBlood-GifteeBloodUITests/Pods-GifteeBlood-GifteeBloodUITests-frameworks-${CONFIGURATION}-output-files.xcfilelist",
			);
			runOnlyForDeploymentPostprocessing = 0;
			shellPath = /bin/sh;
			shellScript = "\"${PODS_ROOT}/Target Support Files/Pods-GifteeBlood-GifteeBloodUITests/Pods-GifteeBlood-GifteeBloodUITests-frameworks.sh\"\n";
			showEnvVarsInLog = 0;
		};
		E65BAAA23430313EE4EBFD68 /* [CP] Check Pods Manifest.lock */ = {
			isa = PBXShellScriptBuildPhase;
			buildActionMask = 2147483647;
			files = (
			);
			inputFileListPaths = (
			);
			inputPaths = (
				"${PODS_PODFILE_DIR_PATH}/Podfile.lock",
				"${PODS_ROOT}/Manifest.lock",
			);
			name = "[CP] Check Pods Manifest.lock";
			outputFileListPaths = (
			);
			outputPaths = (
				"$(DERIVED_FILE_DIR)/Pods-GifteeBloodTests-checkManifestLockResult.txt",
			);
			runOnlyForDeploymentPostprocessing = 0;
			shellPath = /bin/sh;
			shellScript = "diff \"${PODS_PODFILE_DIR_PATH}/Podfile.lock\" \"${PODS_ROOT}/Manifest.lock\" > /dev/null\nif [ $? != 0 ] ; then\n    # print error to STDERR\n    echo \"error: The sandbox is not in sync with the Podfile.lock. Run 'pod install' or update your CocoaPods installation.\" >&2\n    exit 1\nfi\n# This output is used by Xcode 'outputs' to avoid re-running this script phase.\necho \"SUCCESS\" > \"${SCRIPT_OUTPUT_FILE_0}\"\n";
			showEnvVarsInLog = 0;
		};
/* End PBXShellScriptBuildPhase section */

/* Begin PBXSourcesBuildPhase section */
		00AB1130255723AF00FC48BF /* Sources */ = {
			isa = PBXSourcesBuildPhase;
			buildActionMask = 2147483647;
			files = (
				00AB425525C2E90F001471F7 /* ViewRouter.swift in Sources */,
				00AB113A255723AF00FC48BF /* ContentView.swift in Sources */,
				0059D46425D6B54C006ED638 /* profileVIew.swift in Sources */,
				00F3626A25A61D3600F0C0B2 /* animationModelView.swift in Sources */,
				00F3625C25A61B7F00F0C0B2 /* lottieView.swift in Sources */,
				00AB428825C31085001471F7 /* SignupView.swift in Sources */,
				002AEB7925D300F00004F4C3 /* LoadingIndicator.swift in Sources */,
				00AB428325C31025001471F7 /* LoginView.swift in Sources */,
				00C85E8625CCE6E4005C2750 /* FindDonerView.swift in Sources */,
				00094DA225D803C600DE0B46 /* FirebaseModel.swift in Sources */,
				00F5EBC625A3866E00720549 /* HomeView.swift in Sources */,
				00D9F7C825C8326300282D1F /* socialLogins.swift in Sources */,
				00094DA725D8077200DE0B46 /* firebaseDatabaseViewModel.swift in Sources */,
				00AB425A25C2E9A5001471F7 /* MotherVIew.swift in Sources */,
				00AB1138255723AF00FC48BF /* GifteeBloodApp.swift in Sources */,
				00BE2FC325BDAA7600932C85 /* loginSignupView.swift in Sources */,
			);
			runOnlyForDeploymentPostprocessing = 0;
		};
		00AB1141255723B200FC48BF /* Sources */ = {
			isa = PBXSourcesBuildPhase;
			buildActionMask = 2147483647;
			files = (
				00AB114A255723B200FC48BF /* GifteeBloodTests.swift in Sources */,
			);
			runOnlyForDeploymentPostprocessing = 0;
		};
		00AB114C255723B200FC48BF /* Sources */ = {
			isa = PBXSourcesBuildPhase;
			buildActionMask = 2147483647;
			files = (
				00AB1155255723B200FC48BF /* GifteeBloodUITests.swift in Sources */,
			);
			runOnlyForDeploymentPostprocessing = 0;
		};
/* End PBXSourcesBuildPhase section */

/* Begin PBXTargetDependency section */
		00AB1147255723B200FC48BF /* PBXTargetDependency */ = {
			isa = PBXTargetDependency;
			target = 00AB1133255723AF00FC48BF /* GifteeBlood */;
			targetProxy = 00AB1146255723B200FC48BF /* PBXContainerItemProxy */;
		};
		00AB1152255723B200FC48BF /* PBXTargetDependency */ = {
			isa = PBXTargetDependency;
			target = 00AB1133255723AF00FC48BF /* GifteeBlood */;
			targetProxy = 00AB1151255723B200FC48BF /* PBXContainerItemProxy */;
		};
/* End PBXTargetDependency section */

/* Begin XCBuildConfiguration section */
		00AB1157255723B200FC48BF /* Debug */ = {
			isa = XCBuildConfiguration;
			buildSettings = {
				ALWAYS_SEARCH_USER_PATHS = NO;
				CLANG_ANALYZER_NONNULL = YES;
				CLANG_ANALYZER_NUMBER_OBJECT_CONVERSION = YES_AGGRESSIVE;
				CLANG_CXX_LANGUAGE_STANDARD = "gnu++14";
				CLANG_CXX_LIBRARY = "libc++";
				CLANG_ENABLE_MODULES = YES;
				CLANG_ENABLE_OBJC_ARC = YES;
				CLANG_ENABLE_OBJC_WEAK = YES;
				CLANG_WARN_BLOCK_CAPTURE_AUTORELEASING = YES;
				CLANG_WARN_BOOL_CONVERSION = YES;
				CLANG_WARN_COMMA = YES;
				CLANG_WARN_CONSTANT_CONVERSION = YES;
				CLANG_WARN_DEPRECATED_OBJC_IMPLEMENTATIONS = YES;
				CLANG_WARN_DIRECT_OBJC_ISA_USAGE = YES_ERROR;
				CLANG_WARN_DOCUMENTATION_COMMENTS = YES;
				CLANG_WARN_EMPTY_BODY = YES;
				CLANG_WARN_ENUM_CONVERSION = YES;
				CLANG_WARN_INFINITE_RECURSION = YES;
				CLANG_WARN_INT_CONVERSION = YES;
				CLANG_WARN_NON_LITERAL_NULL_CONVERSION = YES;
				CLANG_WARN_OBJC_IMPLICIT_RETAIN_SELF = YES;
				CLANG_WARN_OBJC_LITERAL_CONVERSION = YES;
				CLANG_WARN_OBJC_ROOT_CLASS = YES_ERROR;
				CLANG_WARN_QUOTED_INCLUDE_IN_FRAMEWORK_HEADER = YES;
				CLANG_WARN_RANGE_LOOP_ANALYSIS = YES;
				CLANG_WARN_STRICT_PROTOTYPES = YES;
				CLANG_WARN_SUSPICIOUS_MOVE = YES;
				CLANG_WARN_UNGUARDED_AVAILABILITY = YES_AGGRESSIVE;
				CLANG_WARN_UNREACHABLE_CODE = YES;
				CLANG_WARN__DUPLICATE_METHOD_MATCH = YES;
				COPY_PHASE_STRIP = NO;
				DEBUG_INFORMATION_FORMAT = dwarf;
				ENABLE_STRICT_OBJC_MSGSEND = YES;
				ENABLE_TESTABILITY = YES;
				GCC_C_LANGUAGE_STANDARD = gnu11;
				GCC_DYNAMIC_NO_PIC = NO;
				GCC_NO_COMMON_BLOCKS = YES;
				GCC_OPTIMIZATION_LEVEL = 0;
				GCC_PREPROCESSOR_DEFINITIONS = (
					"DEBUG=1",
					"$(inherited)",
				);
				GCC_WARN_64_TO_32_BIT_CONVERSION = YES;
				GCC_WARN_ABOUT_RETURN_TYPE = YES_ERROR;
				GCC_WARN_UNDECLARED_SELECTOR = YES;
				GCC_WARN_UNINITIALIZED_AUTOS = YES_AGGRESSIVE;
				GCC_WARN_UNUSED_FUNCTION = YES;
				GCC_WARN_UNUSED_VARIABLE = YES;
				IPHONEOS_DEPLOYMENT_TARGET = 14.1;
				MTL_ENABLE_DEBUG_INFO = INCLUDE_SOURCE;
				MTL_FAST_MATH = YES;
				ONLY_ACTIVE_ARCH = YES;
				SDKROOT = iphoneos;
				SWIFT_ACTIVE_COMPILATION_CONDITIONS = DEBUG;
				SWIFT_OPTIMIZATION_LEVEL = "-Onone";
			};
			name = Debug;
		};
		00AB1158255723B200FC48BF /* Release */ = {
			isa = XCBuildConfiguration;
			buildSettings = {
				ALWAYS_SEARCH_USER_PATHS = NO;
				CLANG_ANALYZER_NONNULL = YES;
				CLANG_ANALYZER_NUMBER_OBJECT_CONVERSION = YES_AGGRESSIVE;
				CLANG_CXX_LANGUAGE_STANDARD = "gnu++14";
				CLANG_CXX_LIBRARY = "libc++";
				CLANG_ENABLE_MODULES = YES;
				CLANG_ENABLE_OBJC_ARC = YES;
				CLANG_ENABLE_OBJC_WEAK = YES;
				CLANG_WARN_BLOCK_CAPTURE_AUTORELEASING = YES;
				CLANG_WARN_BOOL_CONVERSION = YES;
				CLANG_WARN_COMMA = YES;
				CLANG_WARN_CONSTANT_CONVERSION = YES;
				CLANG_WARN_DEPRECATED_OBJC_IMPLEMENTATIONS = YES;
				CLANG_WARN_DIRECT_OBJC_ISA_USAGE = YES_ERROR;
				CLANG_WARN_DOCUMENTATION_COMMENTS = YES;
				CLANG_WARN_EMPTY_BODY = YES;
				CLANG_WARN_ENUM_CONVERSION = YES;
				CLANG_WARN_INFINITE_RECURSION = YES;
				CLANG_WARN_INT_CONVERSION = YES;
				CLANG_WARN_NON_LITERAL_NULL_CONVERSION = YES;
				CLANG_WARN_OBJC_IMPLICIT_RETAIN_SELF = YES;
				CLANG_WARN_OBJC_LITERAL_CONVERSION = YES;
				CLANG_WARN_OBJC_ROOT_CLASS = YES_ERROR;
				CLANG_WARN_QUOTED_INCLUDE_IN_FRAMEWORK_HEADER = YES;
				CLANG_WARN_RANGE_LOOP_ANALYSIS = YES;
				CLANG_WARN_STRICT_PROTOTYPES = YES;
				CLANG_WARN_SUSPICIOUS_MOVE = YES;
				CLANG_WARN_UNGUARDED_AVAILABILITY = YES_AGGRESSIVE;
				CLANG_WARN_UNREACHABLE_CODE = YES;
				CLANG_WARN__DUPLICATE_METHOD_MATCH = YES;
				COPY_PHASE_STRIP = NO;
				DEBUG_INFORMATION_FORMAT = "dwarf-with-dsym";
				ENABLE_NS_ASSERTIONS = NO;
				ENABLE_STRICT_OBJC_MSGSEND = YES;
				GCC_C_LANGUAGE_STANDARD = gnu11;
				GCC_NO_COMMON_BLOCKS = YES;
				GCC_WARN_64_TO_32_BIT_CONVERSION = YES;
				GCC_WARN_ABOUT_RETURN_TYPE = YES_ERROR;
				GCC_WARN_UNDECLARED_SELECTOR = YES;
				GCC_WARN_UNINITIALIZED_AUTOS = YES_AGGRESSIVE;
				GCC_WARN_UNUSED_FUNCTION = YES;
				GCC_WARN_UNUSED_VARIABLE = YES;
				IPHONEOS_DEPLOYMENT_TARGET = 14.1;
				MTL_ENABLE_DEBUG_INFO = NO;
				MTL_FAST_MATH = YES;
				SDKROOT = iphoneos;
				SWIFT_COMPILATION_MODE = wholemodule;
				SWIFT_OPTIMIZATION_LEVEL = "-O";
				VALIDATE_PRODUCT = YES;
			};
			name = Release;
		};
		00AB115A255723B200FC48BF /* Debug */ = {
			isa = XCBuildConfiguration;
			baseConfigurationReference = 7F202666019B803831CCBFE3 /* Pods-GifteeBlood.debug.xcconfig */;
			buildSettings = {
				ASSETCATALOG_COMPILER_APPICON_NAME = AppIcon;
				ASSETCATALOG_COMPILER_GLOBAL_ACCENT_COLOR_NAME = AccentColor;
				CODE_SIGN_STYLE = Automatic;
				DEVELOPMENT_ASSET_PATHS = "\"GifteeBlood/Preview Content\"";
				DEVELOPMENT_TEAM = 86U3LK3Z76;
				ENABLE_PREVIEWS = YES;
				INFOPLIST_FILE = GifteeBlood/Info.plist;
				IPHONEOS_DEPLOYMENT_TARGET = 14.0;
				LD_RUNPATH_SEARCH_PATHS = (
					"$(inherited)",
					"@executable_path/Frameworks",
				);
				PRODUCT_BUNDLE_IDENTIFIER = com.GifteeBlood;
				PRODUCT_NAME = "$(TARGET_NAME)";
				SWIFT_VERSION = 5.0;
				TARGETED_DEVICE_FAMILY = "1,2";
			};
			name = Debug;
		};
		00AB115B255723B200FC48BF /* Release */ = {
			isa = XCBuildConfiguration;
			baseConfigurationReference = 3C09691E449F3D108FAB00B6 /* Pods-GifteeBlood.release.xcconfig */;
			buildSettings = {
				ASSETCATALOG_COMPILER_APPICON_NAME = AppIcon;
				ASSETCATALOG_COMPILER_GLOBAL_ACCENT_COLOR_NAME = AccentColor;
				CODE_SIGN_STYLE = Automatic;
				DEVELOPMENT_ASSET_PATHS = "\"GifteeBlood/Preview Content\"";
				DEVELOPMENT_TEAM = 86U3LK3Z76;
				ENABLE_PREVIEWS = YES;
				INFOPLIST_FILE = GifteeBlood/Info.plist;
				IPHONEOS_DEPLOYMENT_TARGET = 14.0;
				LD_RUNPATH_SEARCH_PATHS = (
					"$(inherited)",
					"@executable_path/Frameworks",
				);
				PRODUCT_BUNDLE_IDENTIFIER = com.GifteeBlood;
				PRODUCT_NAME = "$(TARGET_NAME)";
				SWIFT_VERSION = 5.0;
				TARGETED_DEVICE_FAMILY = "1,2";
			};
			name = Release;
		};
		00AB115D255723B200FC48BF /* Debug */ = {
			isa = XCBuildConfiguration;
			baseConfigurationReference = A7949DBE1C046350C604CDCC /* Pods-GifteeBloodTests.debug.xcconfig */;
			buildSettings = {
				ALWAYS_EMBED_SWIFT_STANDARD_LIBRARIES = YES;
				BUNDLE_LOADER = "$(TEST_HOST)";
				CODE_SIGN_STYLE = Automatic;
				DEVELOPMENT_TEAM = 86U3LK3Z76;
				INFOPLIST_FILE = GifteeBloodTests/Info.plist;
				IPHONEOS_DEPLOYMENT_TARGET = 14.0;
				LD_RUNPATH_SEARCH_PATHS = (
					"$(inherited)",
					"@executable_path/Frameworks",
					"@loader_path/Frameworks",
				);
				PRODUCT_BUNDLE_IDENTIFIER = com.GifteeBloodTests;
				PRODUCT_NAME = "$(TARGET_NAME)";
				SWIFT_VERSION = 5.0;
				TARGETED_DEVICE_FAMILY = "1,2";
				TEST_HOST = "$(BUILT_PRODUCTS_DIR)/GifteeBlood.app/GifteeBlood";
			};
			name = Debug;
		};
		00AB115E255723B200FC48BF /* Release */ = {
			isa = XCBuildConfiguration;
			baseConfigurationReference = FE2ADE0D21E85F1BC1F0571D /* Pods-GifteeBloodTests.release.xcconfig */;
			buildSettings = {
				ALWAYS_EMBED_SWIFT_STANDARD_LIBRARIES = YES;
				BUNDLE_LOADER = "$(TEST_HOST)";
				CODE_SIGN_STYLE = Automatic;
				DEVELOPMENT_TEAM = 86U3LK3Z76;
				INFOPLIST_FILE = GifteeBloodTests/Info.plist;
				IPHONEOS_DEPLOYMENT_TARGET = 14.0;
				LD_RUNPATH_SEARCH_PATHS = (
					"$(inherited)",
					"@executable_path/Frameworks",
					"@loader_path/Frameworks",
				);
				PRODUCT_BUNDLE_IDENTIFIER = com.GifteeBloodTests;
				PRODUCT_NAME = "$(TARGET_NAME)";
				SWIFT_VERSION = 5.0;
				TARGETED_DEVICE_FAMILY = "1,2";
				TEST_HOST = "$(BUILT_PRODUCTS_DIR)/GifteeBlood.app/GifteeBlood";
			};
			name = Release;
		};
		00AB1160255723B200FC48BF /* Debug */ = {
			isa = XCBuildConfiguration;
			baseConfigurationReference = EFD932C5BA538CC0A3960C5D /* Pods-GifteeBlood-GifteeBloodUITests.debug.xcconfig */;
			buildSettings = {
				ALWAYS_EMBED_SWIFT_STANDARD_LIBRARIES = YES;
				CODE_SIGN_STYLE = Automatic;
				DEVELOPMENT_TEAM = 86U3LK3Z76;
				INFOPLIST_FILE = GifteeBloodUITests/Info.plist;
				LD_RUNPATH_SEARCH_PATHS = (
					"$(inherited)",
					"@executable_path/Frameworks",
					"@loader_path/Frameworks",
				);
				PRODUCT_BUNDLE_IDENTIFIER = com.GifteeBloodUITests;
				PRODUCT_NAME = "$(TARGET_NAME)";
				SWIFT_VERSION = 5.0;
				TARGETED_DEVICE_FAMILY = "1,2";
				TEST_TARGET_NAME = GifteeBlood;
			};
			name = Debug;
		};
		00AB1161255723B200FC48BF /* Release */ = {
			isa = XCBuildConfiguration;
			baseConfigurationReference = 0B2F0B5FAD8976D912F02020 /* Pods-GifteeBlood-GifteeBloodUITests.release.xcconfig */;
			buildSettings = {
				ALWAYS_EMBED_SWIFT_STANDARD_LIBRARIES = YES;
				CODE_SIGN_STYLE = Automatic;
				DEVELOPMENT_TEAM = 86U3LK3Z76;
				INFOPLIST_FILE = GifteeBloodUITests/Info.plist;
				LD_RUNPATH_SEARCH_PATHS = (
					"$(inherited)",
					"@executable_path/Frameworks",
					"@loader_path/Frameworks",
				);
				PRODUCT_BUNDLE_IDENTIFIER = com.GifteeBloodUITests;
				PRODUCT_NAME = "$(TARGET_NAME)";
				SWIFT_VERSION = 5.0;
				TARGETED_DEVICE_FAMILY = "1,2";
				TEST_TARGET_NAME = GifteeBlood;
			};
			name = Release;
		};
/* End XCBuildConfiguration section */

/* Begin XCConfigurationList section */
		00AB112F255723AF00FC48BF /* Build configuration list for PBXProject "GifteeBlood" */ = {
			isa = XCConfigurationList;
			buildConfigurations = (
				00AB1157255723B200FC48BF /* Debug */,
				00AB1158255723B200FC48BF /* Release */,
			);
			defaultConfigurationIsVisible = 0;
			defaultConfigurationName = Release;
		};
		00AB1159255723B200FC48BF /* Build configuration list for PBXNativeTarget "GifteeBlood" */ = {
			isa = XCConfigurationList;
			buildConfigurations = (
				00AB115A255723B200FC48BF /* Debug */,
				00AB115B255723B200FC48BF /* Release */,
			);
			defaultConfigurationIsVisible = 0;
			defaultConfigurationName = Release;
		};
		00AB115C255723B200FC48BF /* Build configuration list for PBXNativeTarget "GifteeBloodTests" */ = {
			isa = XCConfigurationList;
			buildConfigurations = (
				00AB115D255723B200FC48BF /* Debug */,
				00AB115E255723B200FC48BF /* Release */,
			);
			defaultConfigurationIsVisible = 0;
			defaultConfigurationName = Release;
		};
		00AB115F255723B200FC48BF /* Build configuration list for PBXNativeTarget "GifteeBloodUITests" */ = {
			isa = XCConfigurationList;
			buildConfigurations = (
				00AB1160255723B200FC48BF /* Debug */,
				00AB1161255723B200FC48BF /* Release */,
			);
			defaultConfigurationIsVisible = 0;
			defaultConfigurationName = Release;
		};
/* End XCConfigurationList section */
	};
	rootObject = 00AB112C255723AF00FC48BF /* Project object */;
}
